{
  "version": "3",
  "packages": {
    "specifiers": {
      "jsr:@core/unknownutil@3.18.1": "jsr:@core/unknownutil@3.18.1",
      "jsr:@core/unknownutil@^3.18.0": "jsr:@core/unknownutil@3.18.1",
      "jsr:@denops/core@^7.0.0": "jsr:@denops/core@7.0.1",
      "jsr:@denops/std@7.0.0": "jsr:@denops/std@7.0.0",
      "jsr:@denops/std@^7.0.0": "jsr:@denops/std@7.0.1",
      "jsr:@lambdalisue/async@2.1.1": "jsr:@lambdalisue/async@2.1.1",
      "jsr:@milly/denops-batch-accumulate@^1.0.0": "jsr:@milly/denops-batch-accumulate@1.0.0",
      "jsr:@shougo/ddc-vim@^6.0.0": "jsr:@shougo/ddc-vim@6.0.0",
      "jsr:@std/assert@1.0.0-rc.2": "jsr:@std/assert@1.0.0-rc.2",
      "jsr:@std/assert@1.0.1": "jsr:@std/assert@1.0.1",
      "jsr:@std/async@1.0.1": "jsr:@std/async@1.0.1",
      "jsr:@std/encoding@1.0.1": "jsr:@std/encoding@1.0.1",
      "jsr:@std/fs@^1.0.0": "jsr:@std/fs@1.0.0",
      "jsr:@std/internal@^1.0.0": "jsr:@std/internal@1.0.1",
      "jsr:@std/internal@^1.0.1": "jsr:@std/internal@1.0.1",
      "jsr:@std/path@1.0.2": "jsr:@std/path@1.0.2",
      "jsr:@std/path@^1.0.2": "jsr:@std/path@1.0.2",
      "jsr:@std/semver@0.224.3": "jsr:@std/semver@0.224.3",
      "jsr:@std/testing@0.225.3": "jsr:@std/testing@0.225.3",
      "jsr:@std/ulid@^1.0.0": "jsr:@std/ulid@1.0.0"
    },
    "jsr": {
      "@core/unknownutil@3.18.1": {
        "integrity": "6aaa108b623ff971d062dd345da7ca03b97f61ae3d29c8677bff14fec11f0d76"
      },
      "@denops/core@7.0.1": {
        "integrity": "ede39eec60de6d5bf0fbc0337d3e420a9689cc48afea8c71752e6c0fb630bde0"
      },
      "@denops/std@7.0.0": {
        "integrity": "6fda026029958ad9b6e717a989efd824c5ce8efa464252f9982898a8588abb15",
        "dependencies": [
          "jsr:@core/unknownutil@^3.18.0",
          "jsr:@denops/core@^7.0.0",
          "jsr:@std/fs@^1.0.0",
          "jsr:@std/path@^1.0.2",
          "jsr:@std/semver@0.224.3",
          "jsr:@std/ulid@^1.0.0"
        ]
      },
      "@denops/std@7.0.1": {
        "integrity": "9ac3bf581dac4bd2ccfff0bcc2b77ec9183126a8ffc0d6599f280b130f175c64",
        "dependencies": [
          "jsr:@core/unknownutil@^3.18.0",
          "jsr:@denops/core@^7.0.0",
          "jsr:@std/fs@^1.0.0",
          "jsr:@std/path@^1.0.2",
          "jsr:@std/semver@0.224.3",
          "jsr:@std/ulid@^1.0.0"
        ]
      },
      "@lambdalisue/async@2.1.1": {
        "integrity": "1fc9bc6f4ed50215cd2f7217842b18cea80f81c25744f88f8c5eb4be5a1c9ab4"
      },
      "@milly/denops-batch-accumulate@1.0.0": {
        "integrity": "78f5ac47d4e4f512bbce5d6044e8d89316edb47edd7cf6e176be7107502a9d61",
        "dependencies": [
          "jsr:@denops/core@^7.0.0"
        ]
      },
      "@shougo/ddc-vim@6.0.0": {
        "integrity": "1ee544cf02500d131972c245cd01e1b7f7e921b2c120815ec56e340d2a7a7b4e",
        "dependencies": [
          "jsr:@core/unknownutil@3.18.1",
          "jsr:@denops/std@7.0.0",
          "jsr:@lambdalisue/async@2.1.1",
          "jsr:@std/assert@1.0.1",
          "jsr:@std/async@1.0.1",
          "jsr:@std/encoding@1.0.1",
          "jsr:@std/path@1.0.2",
          "jsr:@std/testing@0.225.3"
        ]
      },
      "@std/assert@1.0.0-rc.2": {
        "integrity": "0484eab1d76b55fca1c3beaff485a274e67dd3b9f065edcbe70030dfc0b964d3",
        "dependencies": [
          "jsr:@std/internal@^1.0.0"
        ]
      },
      "@std/assert@1.0.1": {
        "integrity": "13590ef8e5854f59e4ad252fd987e83239a1bf1f16cb9c69c1d123ebb807a75b",
        "dependencies": [
          "jsr:@std/internal@^1.0.1"
        ]
      },
      "@std/async@1.0.1": {
        "integrity": "3c7f6324a8a1b47ca657e5a349b511c9a6c2c0729e9d66b223c9ecaac0753ecb"
      },
      "@std/encoding@1.0.1": {
        "integrity": "5955c6c542ebb4ce6587c3b548dc71e07a6c27614f1976d1d3887b1196cf4e65"
      },
      "@std/fs@1.0.0": {
        "integrity": "d72e4a125af7168d717a2ed1dca77a728b422b0d138fd20579e3fa41a77da943",
        "dependencies": [
          "jsr:@std/path@^1.0.2"
        ]
      },
      "@std/internal@1.0.1": {
        "integrity": "6f8c7544d06a11dd256c8d6ba54b11ed870aac6c5aeafff499892662c57673e6"
      },
      "@std/path@1.0.2": {
        "integrity": "a452174603f8c620bd278a380c596437a9eef50c891c64b85812f735245d9ec7"
      },
      "@std/semver@0.224.3": {
        "integrity": "7bb34b5ad46de2c0c73de0ca3e30081ef64b4361f66abd57c84ff1011c6a1233"
      },
      "@std/testing@0.225.3": {
        "integrity": "348c24d0479d44ab3dbb4f26170f242e19f24051b45935d4a9e7ca0ab7e37780",
        "dependencies": [
          "jsr:@std/assert@1.0.0-rc.2"
        ]
      },
      "@std/ulid@1.0.0": {
        "integrity": "d41c3d27a907714413649fee864b7cde8d42ee68437d22b79d5de4f81d808780"
      }
    }
  },
  "remote": {},
  "workspace": {
    "dependencies": [
      "jsr:@denops/std@^7.0.0",
      "jsr:@milly/denops-batch-accumulate@^1.0.0",
      "jsr:@shougo/ddc-vim@^6.0.0"
    ]
  }
}
