{
  "version": "4",
  "specifiers": {
    "jsr:@core/unknownutil@3.18.1": "3.18.1",
    "jsr:@core/unknownutil@^3.18.0": "3.18.1",
    "jsr:@denops/core@7": "7.0.1",
    "jsr:@denops/std@7": "7.0.1",
    "jsr:@milly/denops-batch-accumulate@1": "1.0.0",
    "jsr:@std/fs@1": "1.0.0",
    "jsr:@std/path@1.0.2": "1.0.2",
    "jsr:@std/path@^1.0.2": "1.0.2",
    "jsr:@std/semver@0.224.3": "0.224.3",
    "jsr:@std/ulid@1": "1.0.0"
  },
  "jsr": {
    "@core/unknownutil@3.18.1": {
      "integrity": "6aaa108b623ff971d062dd345da7ca03b97f61ae3d29c8677bff14fec11f0d76"
    },
    "@denops/core@7.0.1": {
      "integrity": "ede39eec60de6d5bf0fbc0337d3e420a9689cc48afea8c71752e6c0fb630bde0"
    },
    "@denops/std@7.0.1": {
      "integrity": "9ac3bf581dac4bd2ccfff0bcc2b77ec9183126a8ffc0d6599f280b130f175c64",
      "dependencies": [
        "jsr:@core/unknownutil@^3.18.0",
        "jsr:@denops/core",
        "jsr:@std/fs",
        "jsr:@std/path@^1.0.2",
        "jsr:@std/semver",
        "jsr:@std/ulid"
      ]
    },
    "@milly/denops-batch-accumulate@1.0.0": {
      "integrity": "78f5ac47d4e4f512bbce5d6044e8d89316edb47edd7cf6e176be7107502a9d61",
      "dependencies": [
        "jsr:@denops/core"
      ]
    },
    "@std/fs@1.0.0": {
      "integrity": "d72e4a125af7168d717a2ed1dca77a728b422b0d138fd20579e3fa41a77da943",
      "dependencies": [
        "jsr:@std/path@^1.0.2"
      ]
    },
    "@std/path@1.0.2": {
      "integrity": "a452174603f8c620bd278a380c596437a9eef50c891c64b85812f735245d9ec7"
    },
    "@std/semver@0.224.3": {
      "integrity": "7bb34b5ad46de2c0c73de0ca3e30081ef64b4361f66abd57c84ff1011c6a1233"
    },
    "@std/ulid@1.0.0": {
      "integrity": "d41c3d27a907714413649fee864b7cde8d42ee68437d22b79d5de4f81d808780"
    }
  },
  "workspace": {
    "dependencies": [
      "jsr:@denops/std@7",
      "jsr:@milly/denops-batch-accumulate@1",
      "jsr:@shougo/ddc-vim@9"
    ]
  }
}
